Microsoft Visual Studio Solution File, Format Version 12.00
# Visual Studio Version 17
VisualStudioVersion = 17.5.2.0
MinimumVisualStudioVersion = 10.0.40219.1
Project("{FAE04EC0-301F-11D3-BF4B-00C04F79EFBC}") = "Alloca8", "Alloca8\Alloca8.csproj", "{A64978F6-72DE-BEE2-6B32-9ED7DE40DEA0}"
EndProject
Global
	GlobalSection(SolutionConfigurationPlatforms) = preSolution
		Debug|Any CPU = Debug|Any CPU
		Release|Any CPU = Release|Any CPU
	EndGlobalSection
	GlobalSection(ProjectConfigurationPlatforms) = postSolution
		{A64978F6-72DE-BEE2-6B32-9ED7DE40DEA0}.Debug|Any CPU.ActiveCfg = Debug|Any CPU
		{A64978F6-72DE-BEE2-6B32-9ED7DE40DEA0}.Debug|Any CPU.Build.0 = Debug|Any CPU
		{A64978F6-72DE-BEE2-6B32-9ED7DE40DEA0}.Release|Any CPU.ActiveCfg = Release|Any CPU
		{A64978F6-72DE-BEE2-6B32-9ED7DE40DEA0}.Release|Any CPU.Build.0 = Release|Any CPU
	EndGlobalSection
	GlobalSection(SolutionProperties) = preSolution
		HideSolutionNode = FALSE
	EndGlobalSection
	GlobalSection(ExtensibilityGlobals) = postSolution
		SolutionGuid = {70834DAF-3C48-4117-BD95-45D90BB06C02}
	EndGlobalSection
EndGlobal
